
Microsoft Visual Studio Solution File, Format Version 12.00
# Visual Studio Version 16
VisualStudioVersion = 16.0.32901.82
MinimumVisualStudioVersion = 10.0.40219.1
Project("{9A19103F-16F7-4668-BE54-9A1E7A4F7556}") = "footprint", "footprint\footprint.csproj", "{934EFF22-2BE3-4817-9D1F-31EB3F254607}"
EndProject
Global
	GlobalSection(SolutionConfigurationPlatforms) = preSolution
		Debug|Any CPU = Debug|Any CPU
		Release|Any CPU = Release|Any CPU
	EndGlobalSection
	GlobalSection(ProjectConfigurationPlatforms) = postSolution
		{934EFF22-2BE3-4817-9D1F-31EB3F254607}.Debug|Any CPU.ActiveCfg = Debug|Any CPU
		{934EFF22-2BE3-4817-9D1F-31EB3F254607}.Debug|Any CPU.Build.0 = Debug|Any CPU
		{934EFF22-2BE3-4817-9D1F-31EB3F254607}.Release|Any CPU.ActiveCfg = Release|Any CPU
		{934EFF22-2BE3-4817-9D1F-31EB3F254607}.Release|Any CPU.Build.0 = Release|Any CPU
	EndGlobalSection
	GlobalSection(SolutionProperties) = preSolution
		HideSolutionNode = FALSE
	EndGlobalSection
	GlobalSection(ExtensibilityGlobals) = postSolution
		SolutionGuid = {ACFB87C0-ECAE-4BCF-B1A3-D0A778A86753}
	EndGlobalSection
EndGlobal
